
Microsoft Visual Studio Solution File, Format Version 12.00
# Visual Studio Version 17
VisualStudioVersion = 17.14.36401.2 d17.14
MinimumVisualStudioVersion = 10.0.40219.1
Project("{FAE04EC0-301F-11D3-BF4B-00C04F79EFBC}") = "26Matrices", "26Matrices\26Matrices.csproj", "{CC7C3005-DAF3-4C07-BE24-1EF780FDF3BF}"
EndProject
Global
	GlobalSection(SolutionConfigurationPlatforms) = preSolution
		Debug|Any CPU = Debug|Any CPU
		Release|Any CPU = Release|Any CPU
	EndGlobalSection
	GlobalSection(ProjectConfigurationPlatforms) = postSolution
		{CC7C3005-DAF3-4C07-BE24-1EF780FDF3BF}.Debug|Any CPU.ActiveCfg = Debug|Any CPU
		{CC7C3005-DAF3-4C07-BE24-1EF780FDF3BF}.Debug|Any CPU.Build.0 = Debug|Any CPU
		{CC7C3005-DAF3-4C07-BE24-1EF780FDF3BF}.Release|Any CPU.ActiveCfg = Release|Any CPU
		{CC7C3005-DAF3-4C07-BE24-1EF780FDF3BF}.Release|Any CPU.Build.0 = Release|Any CPU
	EndGlobalSection
	GlobalSection(SolutionProperties) = preSolution
		HideSolutionNode = FALSE
	EndGlobalSection
	GlobalSection(ExtensibilityGlobals) = postSolution
		SolutionGuid = {625E9953-1B04-4B80-A388-46FEB25B10D3}
	EndGlobalSection
EndGlobal
